# This file is automatically @generated by Cargo.
# It is not intended for manual editing.
version = 4

[[package]]
name = "assert-panic"
version = "1.0.1"
source = "registry+https://github.com/rust-lang/crates.io-index"
checksum = "763b2b82aee23fe46c14c792470080c26538396e9ea589f548298f26b22d7f41"

[[package]]
name = "asterisk"
version = "0.1.0"
dependencies = [
 "assert-panic",
]
